// !$*UTF8*$!
{
	archiveVersion = 1;
	classes = {
	};
	objectVersion = 46;
	objects = {

/* Begin PBXBuildFile section */
		60F6C9C01CF88EBB00FFBEA7 /* AppDelegate.swift in Sources */ = {isa = PBXBuildFile; fileRef = 60F6C9BF1CF88EBB00FFBEA7 /* AppDelegate.swift */; };
		60F6C9C21CF88EBB00FFBEA7 /* ViewController.swift in Sources */ = {isa = PBXBuildFile; fileRef = 60F6C9C11CF88EBB00FFBEA7 /* ViewController.swift */; };
		60F6C9C51CF88EBB00FFBEA7 /* Main.storyboard in Resources */ = {isa = PBXBuildFile; fileRef = 60F6C9C31CF88EBB00FFBEA7 /* Main.storyboard */; };
		60F6C9C71CF88EBB00FFBEA7 /* Assets.xcassets in Resources */ = {isa = PBXBuildFile; fileRef = 60F6C9C61CF88EBB00FFBEA7 /* Assets.xcassets */; };
		60F6C9CA1CF88EBB00FFBEA7 /* LaunchScreen.storyboard in Resources */ = {isa = PBXBuildFile; fileRef = 60F6C9C81CF88EBB00FFBEA7 /* LaunchScreen.storyboard */; };
/* End PBXBuildFile section */

/* Begin PBXFileReference section */
		60F6C9BC1CF88EBB00FFBEA7 /* SampleDropDownMenu.app */ = {isa = PBXFileReference; explicitFileType = wrapper.application; includeInIndex = 0; path = SampleDropDownMenu.app; sourceTree = BUILT_PRODUCTS_DIR; };
		60F6C9BF1CF88EBB00FFBEA7 /* AppDelegate.swift */ = {isa = PBXFileReference; lastKnownFileType = sourcecode.swift; path = AppDelegate.swift; sourceTree = "<group>"; };
		60F6C9C11CF88EBB00FFBEA7 /* ViewController.swift */ = {isa = PBXFileReference; lastKnownFileType = sourcecode.swift; path = ViewController.swift; sourceTree = "<group>"; };
		60F6C9C41CF88EBB00FFBEA7 /* Base */ = {isa = PBXFileReference; lastKnownFileType = file.storyboard; name = Base; path = Base.lproj/Main.storyboard; sourceTree = "<group>"; };
		60F6C9C61CF88EBB00FFBEA7 /* Assets.xcassets */ = {isa = PBXFileReference; lastKnownFileType = folder.assetcatalog; path = Assets.xcassets; sourceTree = "<group>"; };
		60F6C9C91CF88EBB00FFBEA7 /* Base */ = {isa = PBXFileReference; lastKnownFileType = file.storyboard; name = Base; path = Base.lproj/LaunchScreen.storyboard; sourceTree = "<group>"; };
		60F6C9CB1CF88EBB00FFBEA7 /* Info.plist */ = {isa = PBXFileReference; lastKnownFileType = text.plist.xml; path = Info.plist; sourceTree = "<group>"; };
/* End PBXFileReference section */

/* Begin PBXFrameworksBuildPhase section */
		60F6C9B91CF88EBB00FFBEA7 /* Frameworks */ = {
			isa = PBXFrameworksBuildPhase;
			buildActionMask = 2147483647;
			files = (
			);
			runOnlyForDeploymentPostprocessing = 0;
		};
/* End PBXFrameworksBuildPhase section */

/* Begin PBXGroup section */
		60F6C9B31CF88EBB00FFBEA7 = {
			isa = PBXGroup;
			children = (
				60F6C9BE1CF88EBB00FFBEA7 /* SampleDropDownMenu */,
				60F6C9BD1CF88EBB00FFBEA7 /* Products */,
			);
			sourceTree = "<group>";
		};
		60F6C9BD1CF88EBB00FFBEA7 /* Products */ = {
			isa = PBXGroup;
			children = (
				60F6C9BC1CF88EBB00FFBEA7 /* SampleDropDownMenu.app */,
			);
			name = Products;
			sourceTree = "<group>";
		};
		60F6C9BE1CF88EBB00FFBEA7 /* SampleDropDownMenu */ = {
			isa = PBXGroup;
			children = (
				60F6C9BF1CF88EBB00FFBEA7 /* AppDelegate.swift */,
				60F6C9C11CF88EBB00FFBEA7 /* ViewController.swift */,
				60F6C9C31CF88EBB00FFBEA7 /* Main.storyboard */,
				60F6C9C61CF88EBB00FFBEA7 /* Assets.xcassets */,
				60F6C9C81CF88EBB00FFBEA7 /* LaunchScreen.storyboard */,
				60F6C9CB1CF88EBB00FFBEA7 /* Info.plist */,
			);
			path = SampleDropDownMenu;
			sourceTree = "<group>";
		};
/* End PBXGroup section */

/* Begin PBXNativeTarget section */
		60F6C9BB1CF88EBB00FFBEA7 /* SampleDropDownMenu */ = {
			isa = PBXNativeTarget;
			buildConfigurationList = 60F6C9CE1CF88EBB00FFBEA7 /* Build configuration list for PBXNativeTarget "SampleDropDownMenu" */;
			buildPhases = (
				60F6C9B81CF88EBB00FFBEA7 /* Sources */,
				60F6C9B91CF88EBB00FFBEA7 /* Frameworks */,
				60F6C9BA1CF88EBB00FFBEA7 /* Resources */,
			);
			buildRules = (
			);
			dependencies = (
			);
			name = SampleDropDownMenu;
			productName = SampleDropDownMenu;
			productReference = 60F6C9BC1CF88EBB00FFBEA7 /* SampleDropDownMenu.app */;
			productType = "com.apple.product-type.application";
		};
/* End PBXNativeTarget section */

/* Begin PBXProject section */
		60F6C9B41CF88EBB00FFBEA7 /* Project object */ = {
			isa = PBXProject;
			attributes = {
				LastSwiftUpdateCheck = 0730;
				LastUpgradeCheck = 0730;
				ORGANIZATIONNAME = "Justin M Platz";
				TargetAttributes = {
					60F6C9BB1CF88EBB00FFBEA7 = {
						CreatedOnToolsVersion = 7.3.1;
					};
				};
			};
			buildConfigurationList = 60F6C9B71CF88EBB00FFBEA7 /* Build configuration list for PBXProject "SampleDropDownMenu" */;
			compatibilityVersion = "Xcode 3.2";
			developmentRegion = English;
			hasScannedForEncodings = 0;
			knownRegions = (
				en,
				Base,
			);
			mainGroup = 60F6C9B31CF88EBB00FFBEA7;
			productRefGroup = 60F6C9BD1CF88EBB00FFBEA7 /* Products */;
			projectDirPath = "";
			projectRoot = "";
			targets = (
				60F6C9BB1CF88EBB00FFBEA7 /* SampleDropDownMenu */,
			);
		};
/* End PBXProject section */

/* Begin PBXResourcesBuildPhase section */
		60F6C9BA1CF88EBB00FFBEA7 /* Resources */ = {
			isa = PBXResourcesBuildPhase;
			buildActionMask = 2147483647;
			files = (
				60F6C9CA1CF88EBB00FFBEA7 /* LaunchScreen.storyboard in Resources */,
				60F6C9C71CF88EBB00FFBEA7 /* Assets.xcassets in Resources */,
				60F6C9C51CF88EBB00FFBEA7 /* Main.storyboard in Resources */,
			);
			runOnlyForDeploymentPostprocessing = 0;
		};
/* End PBXResourcesBuildPhase section */

/* Begin PBXSourcesBuildPhase section */
		60F6C9B81CF88EBB00FFBEA7 /* Sources */ = {
			isa = PBXSourcesBuildPhase;
			buildActionMask = 2147483647;
			files = (
				60F6C9C21CF88EBB00FFBEA7 /* ViewController.swift in Sources */,
				60F6C9C01CF88EBB00FFBEA7 /* AppDelegate.swift in Sources */,
			);
			runOnlyForDeploymentPostprocessing = 0;
		};
/* End PBXSourcesBuildPhase section */

/* Begin PBXVariantGroup section */
		60F6C9C31CF88EBB00FFBEA7 /* Main.storyboard */ = {
			isa = PBXVariantGroup;
			children = (
				60F6C9C41CF88EBB00FFBEA7 /* Base */,
			);
			name = Main.storyboard;
			sourceTree = "<group>";
		};
		60F6C9C81CF88EBB00FFBEA7 /* LaunchScreen.storyboard */ = {
			isa = PBXVariantGroup;
			children = (
				60F6C9C91CF88EBB00FFBEA7 /* Base */,
			);
			name = LaunchScreen.storyboard;
			sourceTree = "<group>";
		};
/* End PBXVariantGroup section */

/* Begin XCBuildConfiguration section */
		60F6C9CC1CF88EBB00FFBEA7 /* Debug */ = {
			isa = XCBuildConfiguration;
			buildSettings = {
				ALWAYS_SEARCH_USER_PATHS = NO;
				CLANG_ANALYZER_NONNULL = YES;
				CLANG_CXX_LANGUAGE_STANDARD = "gnu++0x";
				CLANG_CXX_LIBRARY = "libc++";
				CLANG_ENABLE_MODULES = YES;
				CLANG_ENABLE_OBJC_ARC = YES;
				CLANG_WARN_BOOL_CONVERSION = YES;
				CLANG_WARN_CONSTANT_CONVERSION = YES;
				CLANG_WARN_DIRECT_OBJC_ISA_USAGE = YES_ERROR;
				CLANG_WARN_EMPTY_BODY = YES;
				CLANG_WARN_ENUM_CONVERSION = YES;
				CLANG_WARN_INT_CONVERSION = YES;
				CLANG_WARN_OBJC_ROOT_CLASS = YES_ERROR;
				CLANG_WARN_UNREACHABLE_CODE = YES;
				CLANG_WARN__DUPLICATE_METHOD_MATCH = YES;
				"CODE_SIGN_IDENTITY[sdk=iphoneos*]" = "iPhone Developer";
				COPY_PHASE_STRIP = NO;
				DEBUG_INFORMATION_FORMAT = dwarf;
				ENABLE_STRICT_OBJC_MSGSEND = YES;
				ENABLE_TESTABILITY = YES;
				GCC_C_LANGUAGE_STANDARD = gnu99;
				GCC_DYNAMIC_NO_PIC = NO;
				GCC_NO_COMMON_BLOCKS = YES;
				GCC_OPTIMIZATION_LEVEL = 0;
				GCC_PREPROCESSOR_DEFINITIONS = (
					"DEBUG=1",
					"$(inherited)",
				);
				GCC_WARN_64_TO_32_BIT_CONVERSION = YES;
				GCC_WARN_ABOUT_RETURN_TYPE = YES_ERROR;
				GCC_WARN_UNDECLARED_SELECTOR = YES;
				GCC_WARN_UNINITIALIZED_AUTOS = YES_AGGRESSIVE;
				GCC_WARN_UNUSED_FUNCTION = YES;
				GCC_WARN_UNUSED_VARIABLE = YES;
				IPHONEOS_DEPLOYMENT_TARGET = 9.3;
				MTL_ENABLE_DEBUG_INFO = YES;
				ONLY_ACTIVE_ARCH = YES;
				SDKROOT = iphoneos;
				SWIFT_OPTIMIZATION_LEVEL = "-Onone";
				TARGETED_DEVICE_FAMILY = "1,2";
			};
			name = Debug;
		};
		60F6C9CD1CF88EBB00FFBEA7 /* Release */ = {
			isa = XCBuildConfiguration;
			buildSettings = {
				ALWAYS_SEARCH_USER_PATHS = NO;
				CLANG_ANALYZER_NONNULL = YES;
				CLANG_CXX_LANGUAGE_STANDARD = "gnu++0x";
				CLANG_CXX_LIBRARY = "libc++";
				CLANG_ENABLE_MODULES = YES;
				CLANG_ENABLE_OBJC_ARC = YES;
				CLANG_WARN_BOOL_CONVERSION = YES;
				CLANG_WARN_CONSTANT_CONVERSION = YES;
				CLANG_WARN_DIRECT_OBJC_ISA_USAGE = YES_ERROR;
				CLANG_WARN_EMPTY_BODY = YES;
				CLANG_WARN_ENUM_CONVERSION = YES;
				CLANG_WARN_INT_CONVERSION = YES;
				CLANG_WARN_OBJC_ROOT_CLASS = YES_ERROR;
				CLANG_WARN_UNREACHABLE_CODE = YES;
				CLANG_WARN__DUPLICATE_METHOD_MATCH = YES;
				"CODE_SIGN_IDENTITY[sdk=iphoneos*]" = "iPhone Developer";
				COPY_PHASE_STRIP = NO;
				DEBUG_INFORMATION_FORMAT = "dwarf-with-dsym";
				ENABLE_NS_ASSERTIONS = NO;
				ENABLE_STRICT_OBJC_MSGSEND = YES;
				GCC_C_LANGUAGE_STANDARD = gnu99;
				GCC_NO_COMMON_BLOCKS = YES;
				GCC_WARN_64_TO_32_BIT_CONVERSION = YES;
				GCC_WARN_ABOUT_RETURN_TYPE = YES_ERROR;
				GCC_WARN_UNDECLARED_SELECTOR = YES;
				GCC_WARN_UNINITIALIZED_AUTOS = YES_AGGRESSIVE;
				GCC_WARN_UNUSED_FUNCTION = YES;
				GCC_WARN_UNUSED_VARIABLE = YES;
				IPHONEOS_DEPLOYMENT_TARGET = 9.3;
				MTL_ENABLE_DEBUG_INFO = NO;
				SDKROOT = iphoneos;
				TARGETED_DEVICE_FAMILY = "1,2";
				VALIDATE_PRODUCT = YES;
			};
			name = Release;
		};
		60F6C9CF1CF88EBB00FFBEA7 /* Debug */ = {
			isa = XCBuildConfiguration;
			buildSettings = {
				ASSETCATALOG_COMPILER_APPICON_NAME = AppIcon;
				INFOPLIST_FILE = SampleDropDownMenu/Info.plist;
				LD_RUNPATH_SEARCH_PATHS = "$(inherited) @executable_path/Frameworks";
				PRODUCT_BUNDLE_IDENTIFIER = WatsonApps.SampleDropDownMenu;
				PRODUCT_NAME = "$(TARGET_NAME)";
			};
			name = Debug;
		};
		60F6C9D01CF88EBB00FFBEA7 /* Release */ = {
			isa = XCBuildConfiguration;
			buildSettings = {
				ASSETCATALOG_COMPILER_APPICON_NAME = AppIcon;
				INFOPLIST_FILE = SampleDropDownMenu/Info.plist;
				LD_RUNPATH_SEARCH_PATHS = "$(inherited) @executable_path/Frameworks";
				PRODUCT_BUNDLE_IDENTIFIER = WatsonApps.SampleDropDownMenu;
				PRODUCT_NAME = "$(TARGET_NAME)";
			};
			name = Release;
		};
/* End XCBuildConfiguration section */

/* Begin XCConfigurationList section */
		60F6C9B71CF88EBB00FFBEA7 /* Build configuration list for PBXProject "SampleDropDownMenu" */ = {
			isa = XCConfigurationList;
			buildConfigurations = (
				60F6C9CC1CF88EBB00FFBEA7 /* Debug */,
				60F6C9CD1CF88EBB00FFBEA7 /* Release */,
			);
			defaultConfigurationIsVisible = 0;
			defaultConfigurationName = Release;
		};
		60F6C9CE1CF88EBB00FFBEA7 /* Build configuration list for PBXNativeTarget "SampleDropDownMenu" */ = {
			isa = XCConfigurationList;
			buildConfigurations = (
				60F6C9CF1CF88EBB00FFBEA7 /* Debug */,
				60F6C9D01CF88EBB00FFBEA7 /* Release */,
			);
			defaultConfigurationIsVisible = 0;
		};
/* End XCConfigurationList section */
	};
	rootObject = 60F6C9B41CF88EBB00FFBEA7 /* Project object */;
}
